// !$*UTF8*$!
{
	archiveVersion = 1;
	classes = {
	};
	objectVersion = 51;
	objects = {

/* Begin PBXBuildFile section */
		194EF837CEE4E2A39FF1E112 /* Pods_MessageAppClone.framework in Frameworks */ = {isa = PBXBuildFile; fileRef = 07414B710338EA421D82269A /* Pods_MessageAppClone.framework */; };
		1EDFCCC72885A5AB00053E7E /* AppDelegate.swift in Sources */ = {isa = PBXBuildFile; fileRef = 1EDFCCC62885A5AB00053E7E /* AppDelegate.swift */; };
		1EDFCCC92885A5AB00053E7E /* SceneDelegate.swift in Sources */ = {isa = PBXBuildFile; fileRef = 1EDFCCC82885A5AB00053E7E /* SceneDelegate.swift */; };
		1EDFCCCB2885A5AB00053E7E /* LoginViewController.swift in Sources */ = {isa = PBXBuildFile; fileRef = 1EDFCCCA2885A5AB00053E7E /* LoginViewController.swift */; };
		1EDFCCCE2885A5AB00053E7E /* Main.storyboard in Resources */ = {isa = PBXBuildFile; fileRef = 1EDFCCCC2885A5AB00053E7E /* Main.storyboard */; };
		1EDFCCD02885A5AF00053E7E /* Assets.xcassets in Resources */ = {isa = PBXBuildFile; fileRef = 1EDFCCCF2885A5AF00053E7E /* Assets.xcassets */; };
		1EDFCCD32885A5AF00053E7E /* LaunchScreen.storyboard in Resources */ = {isa = PBXBuildFile; fileRef = 1EDFCCD12885A5AF00053E7E /* LaunchScreen.storyboard */; };
		1EDFCCDE2885A5AF00053E7E /* MessageAppCloneTests.swift in Sources */ = {isa = PBXBuildFile; fileRef = 1EDFCCDD2885A5AF00053E7E /* MessageAppCloneTests.swift */; };
		1EDFCCFD2885A72F00053E7E /* GoogleService-Info.plist in Resources */ = {isa = PBXBuildFile; fileRef = 1EDFCCFC2885A72F00053E7E /* GoogleService-Info.plist */; };
		77A11AEFA2911D5EF904B6CC /* Pods_MessageAppCloneTests.framework in Frameworks */ = {isa = PBXBuildFile; fileRef = 6DBAC72D59609946F357769B /* Pods_MessageAppCloneTests.framework */; };
		9E8501A8E0DA05A2AAB29D40 /* Pods_MessageAppClone_MessageAppCloneUITests.framework in Frameworks */ = {isa = PBXBuildFile; fileRef = 58855E3DA627493730064599 /* Pods_MessageAppClone_MessageAppCloneUITests.framework */; };
/* End PBXBuildFile section */

/* Begin PBXContainerItemProxy section */
		1EDFCCDA2885A5AF00053E7E /* PBXContainerItemProxy */ = {
			isa = PBXContainerItemProxy;
			containerPortal = 1EDFCCBB2885A5AB00053E7E /* Project object */;
			proxyType = 1;
			remoteGlobalIDString = 1EDFCCC22885A5AB00053E7E;
			remoteInfo = MessageAppClone;
		};
		1EDFCCE52885A5AF00053E7E /* PBXContainerItemProxy */ = {
			isa = PBXContainerItemProxy;
			containerPortal = 1EDFCCBB2885A5AB00053E7E /* Project object */;
			proxyType = 1;
			remoteGlobalIDString = 1EDFCCC22885A5AB00053E7E;
			remoteInfo = MessageAppClone;
		};
/* End PBXContainerItemProxy section */

/* Begin PBXFileReference section */
		027AC0E35D8034B483CE183B /* Pods-MessageAppClone-MessageAppCloneUITests.debug.xcconfig */ = {isa = PBXFileReference; includeInIndex = 1; lastKnownFileType = text.xcconfig; name = "Pods-MessageAppClone-MessageAppCloneUITests.debug.xcconfig"; path = "Target Support Files/Pods-MessageAppClone-MessageAppCloneUITests/Pods-MessageAppClone-MessageAppCloneUITests.debug.xcconfig"; sourceTree = "<group>"; };
		07414B710338EA421D82269A /* Pods_MessageAppClone.framework */ = {isa = PBXFileReference; explicitFileType = wrapper.framework; includeInIndex = 0; path = Pods_MessageAppClone.framework; sourceTree = BUILT_PRODUCTS_DIR; };
		1EDFCCC32885A5AB00053E7E /* MessageAppClone.app */ = {isa = PBXFileReference; explicitFileType = wrapper.application; includeInIndex = 0; path = MessageAppClone.app; sourceTree = BUILT_PRODUCTS_DIR; };
		1EDFCCC62885A5AB00053E7E /* AppDelegate.swift */ = {isa = PBXFileReference; lastKnownFileType = sourcecode.swift; path = AppDelegate.swift; sourceTree = "<group>"; };
		1EDFCCC82885A5AB00053E7E /* SceneDelegate.swift */ = {isa = PBXFileReference; lastKnownFileType = sourcecode.swift; path = SceneDelegate.swift; sourceTree = "<group>"; };
		1EDFCCCA2885A5AB00053E7E /* LoginViewController.swift */ = {isa = PBXFileReference; lastKnownFileType = sourcecode.swift; path = LoginViewController.swift; sourceTree = "<group>"; };
		1EDFCCCD2885A5AB00053E7E /* Base */ = {isa = PBXFileReference; lastKnownFileType = file.storyboard; name = Base; path = Base.lproj/Main.storyboard; sourceTree = "<group>"; };
		1EDFCCCF2885A5AF00053E7E /* Assets.xcassets */ = {isa = PBXFileReference; lastKnownFileType = folder.assetcatalog; path = Assets.xcassets; sourceTree = "<group>"; };
		1EDFCCD22885A5AF00053E7E /* Base */ = {isa = PBXFileReference; lastKnownFileType = file.storyboard; name = Base; path = Base.lproj/LaunchScreen.storyboard; sourceTree = "<group>"; };
		1EDFCCD42885A5AF00053E7E /* Info.plist */ = {isa = PBXFileReference; lastKnownFileType = text.plist.xml; path = Info.plist; sourceTree = "<group>"; };
		1EDFCCD92885A5AF00053E7E /* MessageAppCloneTests.xctest */ = {isa = PBXFileReference; explicitFileType = wrapper.cfbundle; includeInIndex = 0; path = MessageAppCloneTests.xctest; sourceTree = BUILT_PRODUCTS_DIR; };
		1EDFCCDD2885A5AF00053E7E /* MessageAppCloneTests.swift */ = {isa = PBXFileReference; lastKnownFileType = sourcecode.swift; path = MessageAppCloneTests.swift; sourceTree = "<group>"; };
		1EDFCCDF2885A5AF00053E7E /* Info.plist */ = {isa = PBXFileReference; lastKnownFileType = text.plist.xml; path = Info.plist; sourceTree = "<group>"; };
		1EDFCCE42885A5AF00053E7E /* MessageAppCloneUITests.xctest */ = {isa = PBXFileReference; explicitFileType = wrapper.cfbundle; includeInIndex = 0; path = MessageAppCloneUITests.xctest; sourceTree = BUILT_PRODUCTS_DIR; };
		1EDFCCFC2885A72F00053E7E /* GoogleService-Info.plist */ = {isa = PBXFileReference; fileEncoding = 4; lastKnownFileType = text.plist.xml; path = "GoogleService-Info.plist"; sourceTree = "<group>"; };
		3B124E5FF04E2F23BE76EE15 /* Pods-MessageAppCloneTests.debug.xcconfig */ = {isa = PBXFileReference; includeInIndex = 1; lastKnownFileType = text.xcconfig; name = "Pods-MessageAppCloneTests.debug.xcconfig"; path = "Target Support Files/Pods-MessageAppCloneTests/Pods-MessageAppCloneTests.debug.xcconfig"; sourceTree = "<group>"; };
		58855E3DA627493730064599 /* Pods_MessageAppClone_MessageAppCloneUITests.framework */ = {isa = PBXFileReference; explicitFileType = wrapper.framework; includeInIndex = 0; path = Pods_MessageAppClone_MessageAppCloneUITests.framework; sourceTree = BUILT_PRODUCTS_DIR; };
		5991A06832E5C04973CD4757 /* Pods-MessageAppClone-MessageAppCloneUITests.release.xcconfig */ = {isa = PBXFileReference; includeInIndex = 1; lastKnownFileType = text.xcconfig; name = "Pods-MessageAppClone-MessageAppCloneUITests.release.xcconfig"; path = "Target Support Files/Pods-MessageAppClone-MessageAppCloneUITests/Pods-MessageAppClone-MessageAppCloneUITests.release.xcconfig"; sourceTree = "<group>"; };
		675DD38349815C2F657AA908 /* Pods-MessageAppClone.release.xcconfig */ = {isa = PBXFileReference; includeInIndex = 1; lastKnownFileType = text.xcconfig; name = "Pods-MessageAppClone.release.xcconfig"; path = "Target Support Files/Pods-MessageAppClone/Pods-MessageAppClone.release.xcconfig"; sourceTree = "<group>"; };
		6DBAC72D59609946F357769B /* Pods_MessageAppCloneTests.framework */ = {isa = PBXFileReference; explicitFileType = wrapper.framework; includeInIndex = 0; path = Pods_MessageAppCloneTests.framework; sourceTree = BUILT_PRODUCTS_DIR; };
		962D0BB51D2E16F68B19A9D1 /* Pods-MessageAppCloneTests.release.xcconfig */ = {isa = PBXFileReference; includeInIndex = 1; lastKnownFileType = text.xcconfig; name = "Pods-MessageAppCloneTests.release.xcconfig"; path = "Target Support Files/Pods-MessageAppCloneTests/Pods-MessageAppCloneTests.release.xcconfig"; sourceTree = "<group>"; };
		9E3743BBDE2393825A8CEC5F /* Pods-MessageAppClone.debug.xcconfig */ = {isa = PBXFileReference; includeInIndex = 1; lastKnownFileType = text.xcconfig; name = "Pods-MessageAppClone.debug.xcconfig"; path = "Target Support Files/Pods-MessageAppClone/Pods-MessageAppClone.debug.xcconfig"; sourceTree = "<group>"; };
/* End PBXFileReference section */

/* Begin PBXFrameworksBuildPhase section */
		1EDFCCC02885A5AB00053E7E /* Frameworks */ = {
			isa = PBXFrameworksBuildPhase;
			buildActionMask = 2147483647;
			files = (
				194EF837CEE4E2A39FF1E112 /* Pods_MessageAppClone.framework in Frameworks */,
			);
			runOnlyForDeploymentPostprocessing = 0;
		};
		1EDFCCD62885A5AF00053E7E /* Frameworks */ = {
			isa = PBXFrameworksBuildPhase;
			buildActionMask = 2147483647;
			files = (
				77A11AEFA2911D5EF904B6CC /* Pods_MessageAppCloneTests.framework in Frameworks */,
			);
			runOnlyForDeploymentPostprocessing = 0;
		};
		1EDFCCE12885A5AF00053E7E /* Frameworks */ = {
			isa = PBXFrameworksBuildPhase;
			buildActionMask = 2147483647;
			files = (
				9E8501A8E0DA05A2AAB29D40 /* Pods_MessageAppClone_MessageAppCloneUITests.framework in Frameworks */,
			);
			runOnlyForDeploymentPostprocessing = 0;
		};
/* End PBXFrameworksBuildPhase section */

/* Begin PBXGroup section */
		1EDFCCBA2885A5AB00053E7E = {
			isa = PBXGroup;
			children = (
				1EDFCCC52885A5AB00053E7E /* MessageAppClone */,
				1EDFCCDC2885A5AF00053E7E /* MessageAppCloneTests */,
				1EDFCCC42885A5AB00053E7E /* Products */,
				EC2CECD3C76D30B8C84B9617 /* Pods */,
				B47D52C88791E2B2D2036718 /* Frameworks */,
			);
			sourceTree = "<group>";
		};
		1EDFCCC42885A5AB00053E7E /* Products */ = {
			isa = PBXGroup;
			children = (
				1EDFCCC32885A5AB00053E7E /* MessageAppClone.app */,
				1EDFCCD92885A5AF00053E7E /* MessageAppCloneTests.xctest */,
				1EDFCCE42885A5AF00053E7E /* MessageAppCloneUITests.xctest */,
			);
			name = Products;
			sourceTree = "<group>";
		};
		1EDFCCC52885A5AB00053E7E /* MessageAppClone */ = {
			isa = PBXGroup;
			children = (
				1EDFCD1D2885B13300053E7E /* Modules */,
				1EDFCCCA2885A5AB00053E7E /* LoginViewController.swift */,
				1EDFCCCC2885A5AB00053E7E /* Main.storyboard */,
				1EDFCCD12885A5AF00053E7E /* LaunchScreen.storyboard */,
				1EDFCCD42885A5AF00053E7E /* Info.plist */,
				1EDFCCFC2885A72F00053E7E /* GoogleService-Info.plist */,
			);
			path = MessageAppClone;
			sourceTree = "<group>";
		};
		1EDFCCDC2885A5AF00053E7E /* MessageAppCloneTests */ = {
			isa = PBXGroup;
			children = (
				1EDFCCDD2885A5AF00053E7E /* MessageAppCloneTests.swift */,
				1EDFCCDF2885A5AF00053E7E /* Info.plist */,
			);
			path = MessageAppCloneTests;
			sourceTree = "<group>";
		};
		1EDFCD1D2885B13300053E7E /* Modules */ = {
			isa = PBXGroup;
			children = (
				1EDFCD252885B28E00053E7E /* Resources */,
				1EDFCD1E2885B13A00053E7E /* Login View */,
			);
			path = Modules;
			sourceTree = "<group>";
		};
		1EDFCD1E2885B13A00053E7E /* Login View */ = {
			isa = PBXGroup;
			children = (
				1EDFCD212885B16500053E7E /* Presenter */,
				1EDFCD202885B16000053E7E /* View */,
				1EDFCD1F2885B15B00053E7E /* Model */,
			);
			path = "Login View";
			sourceTree = "<group>";
		};
		1EDFCD1F2885B15B00053E7E /* Model */ = {
			isa = PBXGroup;
			children = (
			);
			path = Model;
			sourceTree = "<group>";
		};
		1EDFCD202885B16000053E7E /* View */ = {
			isa = PBXGroup;
			children = (
			);
			path = View;
			sourceTree = "<group>";
		};
		1EDFCD212885B16500053E7E /* Presenter */ = {
			isa = PBXGroup;
			children = (
			);
			path = Presenter;
			sourceTree = "<group>";
		};
		1EDFCD252885B28E00053E7E /* Resources */ = {
			isa = PBXGroup;
			children = (
				1EDFCCC62885A5AB00053E7E /* AppDelegate.swift */,
				1EDFCCC82885A5AB00053E7E /* SceneDelegate.swift */,
				1EDFCCCF2885A5AF00053E7E /* Assets.xcassets */,
			);
			path = Resources;
			sourceTree = "<group>";
		};
		B47D52C88791E2B2D2036718 /* Frameworks */ = {
			isa = PBXGroup;
			children = (
				07414B710338EA421D82269A /* Pods_MessageAppClone.framework */,
				58855E3DA627493730064599 /* Pods_MessageAppClone_MessageAppCloneUITests.framework */,
				6DBAC72D59609946F357769B /* Pods_MessageAppCloneTests.framework */,
			);
			name = Frameworks;
			sourceTree = "<group>";
		};
		EC2CECD3C76D30B8C84B9617 /* Pods */ = {
			isa = PBXGroup;
			children = (
				9E3743BBDE2393825A8CEC5F /* Pods-MessageAppClone.debug.xcconfig */,
				675DD38349815C2F657AA908 /* Pods-MessageAppClone.release.xcconfig */,
				027AC0E35D8034B483CE183B /* Pods-MessageAppClone-MessageAppCloneUITests.debug.xcconfig */,
				5991A06832E5C04973CD4757 /* Pods-MessageAppClone-MessageAppCloneUITests.release.xcconfig */,
				3B124E5FF04E2F23BE76EE15 /* Pods-MessageAppCloneTests.debug.xcconfig */,
				962D0BB51D2E16F68B19A9D1 /* Pods-MessageAppCloneTests.release.xcconfig */,
			);
			path = Pods;
			sourceTree = "<group>";
		};
/* End PBXGroup section */

/* Begin PBXNativeTarget section */
		1EDFCCC22885A5AB00053E7E /* MessageAppClone */ = {
			isa = PBXNativeTarget;
			buildConfigurationList = 1EDFCCED2885A5AF00053E7E /* Build configuration list for PBXNativeTarget "MessageAppClone" */;
			buildPhases = (
				6C3AE27E192C4F82BB6DA673 /* [CP] Check Pods Manifest.lock */,
				1EDFCCBF2885A5AB00053E7E /* Sources */,
				1EDFCCC02885A5AB00053E7E /* Frameworks */,
				1EDFCCC12885A5AB00053E7E /* Resources */,
				12528DC6435D5365A0D6AF0B /* [CP] Embed Pods Frameworks */,
			);
			buildRules = (
			);
			dependencies = (
			);
			name = MessageAppClone;
			productName = MessageAppClone;
			productReference = 1EDFCCC32885A5AB00053E7E /* MessageAppClone.app */;
			productType = "com.apple.product-type.application";
		};
		1EDFCCD82885A5AF00053E7E /* MessageAppCloneTests */ = {
			isa = PBXNativeTarget;
			buildConfigurationList = 1EDFCCF02885A5AF00053E7E /* Build configuration list for PBXNativeTarget "MessageAppCloneTests" */;
			buildPhases = (
				D426E255378543F62A893503 /* [CP] Check Pods Manifest.lock */,
				1EDFCCD52885A5AF00053E7E /* Sources */,
				1EDFCCD62885A5AF00053E7E /* Frameworks */,
				1EDFCCD72885A5AF00053E7E /* Resources */,
			);
			buildRules = (
			);
			dependencies = (
				1EDFCCDB2885A5AF00053E7E /* PBXTargetDependency */,
			);
			name = MessageAppCloneTests;
			productName = MessageAppCloneTests;
			productReference = 1EDFCCD92885A5AF00053E7E /* MessageAppCloneTests.xctest */;
			productType = "com.apple.product-type.bundle.unit-test";
		};
		1EDFCCE32885A5AF00053E7E /* MessageAppCloneUITests */ = {
			isa = PBXNativeTarget;
			buildConfigurationList = 1EDFCCF32885A5AF00053E7E /* Build configuration list for PBXNativeTarget "MessageAppCloneUITests" */;
			buildPhases = (
				C8D29CB9FFB9C672CED04807 /* [CP] Check Pods Manifest.lock */,
				1EDFCCE02885A5AF00053E7E /* Sources */,
				1EDFCCE12885A5AF00053E7E /* Frameworks */,
				1EDFCCE22885A5AF00053E7E /* Resources */,
				B3BB9126749534A97A3511C2 /* [CP] Embed Pods Frameworks */,
			);
			buildRules = (
			);
			dependencies = (
				1EDFCCE62885A5AF00053E7E /* PBXTargetDependency */,
			);
			name = MessageAppCloneUITests;
			productName = MessageAppCloneUITests;
			productReference = 1EDFCCE42885A5AF00053E7E /* MessageAppCloneUITests.xctest */;
			productType = "com.apple.product-type.bundle.ui-testing";
		};
/* End PBXNativeTarget section */

/* Begin PBXProject section */
		1EDFCCBB2885A5AB00053E7E /* Project object */ = {
			isa = PBXProject;
			attributes = {
				LastSwiftUpdateCheck = 1220;
				LastUpgradeCheck = 1220;
				TargetAttributes = {
					1EDFCCC22885A5AB00053E7E = {
						CreatedOnToolsVersion = 12.2;
					};
					1EDFCCD82885A5AF00053E7E = {
						CreatedOnToolsVersion = 12.2;
						TestTargetID = 1EDFCCC22885A5AB00053E7E;
					};
					1EDFCCE32885A5AF00053E7E = {
						CreatedOnToolsVersion = 12.2;
						TestTargetID = 1EDFCCC22885A5AB00053E7E;
					};
				};
			};
			buildConfigurationList = 1EDFCCBE2885A5AB00053E7E /* Build configuration list for PBXProject "MessageAppClone" */;
			compatibilityVersion = "Xcode 9.3";
			developmentRegion = en;
			hasScannedForEncodings = 0;
			knownRegions = (
				en,
				Base,
			);
			mainGroup = 1EDFCCBA2885A5AB00053E7E;
			productRefGroup = 1EDFCCC42885A5AB00053E7E /* Products */;
			projectDirPath = "";
			projectRoot = "";
			targets = (
				1EDFCCC22885A5AB00053E7E /* MessageAppClone */,
				1EDFCCD82885A5AF00053E7E /* MessageAppCloneTests */,
				1EDFCCE32885A5AF00053E7E /* MessageAppCloneUITests */,
			);
		};
/* End PBXProject section */

/* Begin PBXResourcesBuildPhase section */
		1EDFCCC12885A5AB00053E7E /* Resources */ = {
			isa = PBXResourcesBuildPhase;
			buildActionMask = 2147483647;
			files = (
				1EDFCCD32885A5AF00053E7E /* LaunchScreen.storyboard in Resources */,
				1EDFCCFD2885A72F00053E7E /* GoogleService-Info.plist in Resources */,
				1EDFCCD02885A5AF00053E7E /* Assets.xcassets in Resources */,
				1EDFCCCE2885A5AB00053E7E /* Main.storyboard in Resources */,
			);
			runOnlyForDeploymentPostprocessing = 0;
		};
		1EDFCCD72885A5AF00053E7E /* Resources */ = {
			isa = PBXResourcesBuildPhase;
			buildActionMask = 2147483647;
			files = (
			);
			runOnlyForDeploymentPostprocessing = 0;
		};
		1EDFCCE22885A5AF00053E7E /* Resources */ = {
			isa = PBXResourcesBuildPhase;
			buildActionMask = 2147483647;
			files = (
			);
			runOnlyForDeploymentPostprocessing = 0;
		};
/* End PBXResourcesBuildPhase section */

/* Begin PBXShellScriptBuildPhase section */
		12528DC6435D5365A0D6AF0B /* [CP] Embed Pods Frameworks */ = {
			isa = PBXShellScriptBuildPhase;
			buildActionMask = 2147483647;
			files = (
			);
			inputFileListPaths = (
				"${PODS_ROOT}/Target Support Files/Pods-MessageAppClone/Pods-MessageAppClone-frameworks-${CONFIGURATION}-input-files.xcfilelist",
			);
			name = "[CP] Embed Pods Frameworks";
			outputFileListPaths = (
				"${PODS_ROOT}/Target Support Files/Pods-MessageAppClone/Pods-MessageAppClone-frameworks-${CONFIGURATION}-output-files.xcfilelist",
			);
			runOnlyForDeploymentPostprocessing = 0;
			shellPath = /bin/sh;
			shellScript = "\"${PODS_ROOT}/Target Support Files/Pods-MessageAppClone/Pods-MessageAppClone-frameworks.sh\"\n";
			showEnvVarsInLog = 0;
		};
		6C3AE27E192C4F82BB6DA673 /* [CP] Check Pods Manifest.lock */ = {
			isa = PBXShellScriptBuildPhase;
			buildActionMask = 2147483647;
			files = (
			);
			inputFileListPaths = (
			);
			inputPaths = (
				"${PODS_PODFILE_DIR_PATH}/Podfile.lock",
				"${PODS_ROOT}/Manifest.lock",
			);
			name = "[CP] Check Pods Manifest.lock";
			outputFileListPaths = (
			);
			outputPaths = (
				"$(DERIVED_FILE_DIR)/Pods-MessageAppClone-checkManifestLockResult.txt",
			);
			runOnlyForDeploymentPostprocessing = 0;
			shellPath = /bin/sh;
			shellScript = "diff \"${PODS_PODFILE_DIR_PATH}/Podfile.lock\" \"${PODS_ROOT}/Manifest.lock\" > /dev/null\nif [ $? != 0 ] ; then\n    # print error to STDERR\n    echo \"error: The sandbox is not in sync with the Podfile.lock. Run 'pod install' or update your CocoaPods installation.\" >&2\n    exit 1\nfi\n# This output is used by Xcode 'outputs' to avoid re-running this script phase.\necho \"SUCCESS\" > \"${SCRIPT_OUTPUT_FILE_0}\"\n";
			showEnvVarsInLog = 0;
		};
		B3BB9126749534A97A3511C2 /* [CP] Embed Pods Frameworks */ = {
			isa = PBXShellScriptBuildPhase;
			buildActionMask = 2147483647;
			files = (
			);
			inputFileListPaths = (
				"${PODS_ROOT}/Target Support Files/Pods-MessageAppClone-MessageAppCloneUITests/Pods-MessageAppClone-MessageAppCloneUITests-frameworks-${CONFIGURATION}-input-files.xcfilelist",
			);
			name = "[CP] Embed Pods Frameworks";
			outputFileListPaths = (
				"${PODS_ROOT}/Target Support Files/Pods-MessageAppClone-MessageAppCloneUITests/Pods-MessageAppClone-MessageAppCloneUITests-frameworks-${CONFIGURATION}-output-files.xcfilelist",
			);
			runOnlyForDeploymentPostprocessing = 0;
			shellPath = /bin/sh;
			shellScript = "\"${PODS_ROOT}/Target Support Files/Pods-MessageAppClone-MessageAppCloneUITests/Pods-MessageAppClone-MessageAppCloneUITests-frameworks.sh\"\n";
			showEnvVarsInLog = 0;
		};
		C8D29CB9FFB9C672CED04807 /* [CP] Check Pods Manifest.lock */ = {
			isa = PBXShellScriptBuildPhase;
			buildActionMask = 2147483647;
			files = (
			);
			inputFileListPaths = (
			);
			inputPaths = (
				"${PODS_PODFILE_DIR_PATH}/Podfile.lock",
				"${PODS_ROOT}/Manifest.lock",
			);
			name = "[CP] Check Pods Manifest.lock";
			outputFileListPaths = (
			);
			outputPaths = (
				"$(DERIVED_FILE_DIR)/Pods-MessageAppClone-MessageAppCloneUITests-checkManifestLockResult.txt",
			);
			runOnlyForDeploymentPostprocessing = 0;
			shellPath = /bin/sh;
			shellScript = "diff \"${PODS_PODFILE_DIR_PATH}/Podfile.lock\" \"${PODS_ROOT}/Manifest.lock\" > /dev/null\nif [ $? != 0 ] ; then\n    # print error to STDERR\n    echo \"error: The sandbox is not in sync with the Podfile.lock. Run 'pod install' or update your CocoaPods installation.\" >&2\n    exit 1\nfi\n# This output is used by Xcode 'outputs' to avoid re-running this script phase.\necho \"SUCCESS\" > \"${SCRIPT_OUTPUT_FILE_0}\"\n";
			showEnvVarsInLog = 0;
		};
		D426E255378543F62A893503 /* [CP] Check Pods Manifest.lock */ = {
			isa = PBXShellScriptBuildPhase;
			buildActionMask = 2147483647;
			files = (
			);
			inputFileListPaths = (
			);
			inputPaths = (
				"${PODS_PODFILE_DIR_PATH}/Podfile.lock",
				"${PODS_ROOT}/Manifest.lock",
			);
			name = "[CP] Check Pods Manifest.lock";
			outputFileListPaths = (
			);
			outputPaths = (
				"$(DERIVED_FILE_DIR)/Pods-MessageAppCloneTests-checkManifestLockResult.txt",
			);
			runOnlyForDeploymentPostprocessing = 0;
			shellPath = /bin/sh;
			shellScript = "diff \"${PODS_PODFILE_DIR_PATH}/Podfile.lock\" \"${PODS_ROOT}/Manifest.lock\" > /dev/null\nif [ $? != 0 ] ; then\n    # print error to STDERR\n    echo \"error: The sandbox is not in sync with the Podfile.lock. Run 'pod install' or update your CocoaPods installation.\" >&2\n    exit 1\nfi\n# This output is used by Xcode 'outputs' to avoid re-running this script phase.\necho \"SUCCESS\" > \"${SCRIPT_OUTPUT_FILE_0}\"\n";
			showEnvVarsInLog = 0;
		};
/* End PBXShellScriptBuildPhase section */

/* Begin PBXSourcesBuildPhase section */
		1EDFCCBF2885A5AB00053E7E /* Sources */ = {
			isa = PBXSourcesBuildPhase;
			buildActionMask = 2147483647;
			files = (
				1EDFCCCB2885A5AB00053E7E /* LoginViewController.swift in Sources */,
				1EDFCCC72885A5AB00053E7E /* AppDelegate.swift in Sources */,
				1EDFCCC92885A5AB00053E7E /* SceneDelegate.swift in Sources */,
			);
			runOnlyForDeploymentPostprocessing = 0;
		};
		1EDFCCD52885A5AF00053E7E /* Sources */ = {
			isa = PBXSourcesBuildPhase;
			buildActionMask = 2147483647;
			files = (
				1EDFCCDE2885A5AF00053E7E /* MessageAppCloneTests.swift in Sources */,
			);
			runOnlyForDeploymentPostprocessing = 0;
		};
		1EDFCCE02885A5AF00053E7E /* Sources */ = {
			isa = PBXSourcesBuildPhase;
			buildActionMask = 2147483647;
			files = (
			);
			runOnlyForDeploymentPostprocessing = 0;
		};
/* End PBXSourcesBuildPhase section */

/* Begin PBXTargetDependency section */
		1EDFCCDB2885A5AF00053E7E /* PBXTargetDependency */ = {
			isa = PBXTargetDependency;
			target = 1EDFCCC22885A5AB00053E7E /* MessageAppClone */;
			targetProxy = 1EDFCCDA2885A5AF00053E7E /* PBXContainerItemProxy */;
		};
		1EDFCCE62885A5AF00053E7E /* PBXTargetDependency */ = {
			isa = PBXTargetDependency;
			target = 1EDFCCC22885A5AB00053E7E /* MessageAppClone */;
			targetProxy = 1EDFCCE52885A5AF00053E7E /* PBXContainerItemProxy */;
		};
/* End PBXTargetDependency section */

/* Begin PBXVariantGroup section */
		1EDFCCCC2885A5AB00053E7E /* Main.storyboard */ = {
			isa = PBXVariantGroup;
			children = (
				1EDFCCCD2885A5AB00053E7E /* Base */,
			);
			name = Main.storyboard;
			sourceTree = "<group>";
		};
		1EDFCCD12885A5AF00053E7E /* LaunchScreen.storyboard */ = {
			isa = PBXVariantGroup;
			children = (
				1EDFCCD22885A5AF00053E7E /* Base */,
			);
			name = LaunchScreen.storyboard;
			sourceTree = "<group>";
		};
/* End PBXVariantGroup section */

/* Begin XCBuildConfiguration section */
		1EDFCCEB2885A5AF00053E7E /* Debug */ = {
			isa = XCBuildConfiguration;
			buildSettings = {
				ALWAYS_SEARCH_USER_PATHS = NO;
				CLANG_ANALYZER_NONNULL = YES;
				CLANG_ANALYZER_NUMBER_OBJECT_CONVERSION = YES_AGGRESSIVE;
				CLANG_CXX_LANGUAGE_STANDARD = "gnu++14";
				CLANG_CXX_LIBRARY = "libc++";
				CLANG_ENABLE_MODULES = YES;
				CLANG_ENABLE_OBJC_ARC = YES;
				CLANG_ENABLE_OBJC_WEAK = YES;
				CLANG_WARN_BLOCK_CAPTURE_AUTORELEASING = YES;
				CLANG_WARN_BOOL_CONVERSION = YES;
				CLANG_WARN_COMMA = YES;
				CLANG_WARN_CONSTANT_CONVERSION = YES;
				CLANG_WARN_DEPRECATED_OBJC_IMPLEMENTATIONS = YES;
				CLANG_WARN_DIRECT_OBJC_ISA_USAGE = YES_ERROR;
				CLANG_WARN_DOCUMENTATION_COMMENTS = YES;
				CLANG_WARN_EMPTY_BODY = YES;
				CLANG_WARN_ENUM_CONVERSION = YES;
				CLANG_WARN_INFINITE_RECURSION = YES;
				CLANG_WARN_INT_CONVERSION = YES;
				CLANG_WARN_NON_LITERAL_NULL_CONVERSION = YES;
				CLANG_WARN_OBJC_IMPLICIT_RETAIN_SELF = YES;
				CLANG_WARN_OBJC_LITERAL_CONVERSION = YES;
				CLANG_WARN_OBJC_ROOT_CLASS = YES_ERROR;
				CLANG_WARN_QUOTED_INCLUDE_IN_FRAMEWORK_HEADER = YES;
				CLANG_WARN_RANGE_LOOP_ANALYSIS = YES;
				CLANG_WARN_STRICT_PROTOTYPES = YES;
				CLANG_WARN_SUSPICIOUS_MOVE = YES;
				CLANG_WARN_UNGUARDED_AVAILABILITY = YES_AGGRESSIVE;
				CLANG_WARN_UNREACHABLE_CODE = YES;
				CLANG_WARN__DUPLICATE_METHOD_MATCH = YES;
				COPY_PHASE_STRIP = NO;
				DEBUG_INFORMATION_FORMAT = dwarf;
				ENABLE_STRICT_OBJC_MSGSEND = YES;
				ENABLE_TESTABILITY = YES;
				GCC_C_LANGUAGE_STANDARD = gnu11;
				GCC_DYNAMIC_NO_PIC = NO;
				GCC_NO_COMMON_BLOCKS = YES;
				GCC_OPTIMIZATION_LEVEL = 0;
				GCC_PREPROCESSOR_DEFINITIONS = (
					"DEBUG=1",
					"$(inherited)",
				);
				GCC_WARN_64_TO_32_BIT_CONVERSION = YES;
				GCC_WARN_ABOUT_RETURN_TYPE = YES_ERROR;
				GCC_WARN_UNDECLARED_SELECTOR = YES;
				GCC_WARN_UNINITIALIZED_AUTOS = YES_AGGRESSIVE;
				GCC_WARN_UNUSED_FUNCTION = YES;
				GCC_WARN_UNUSED_VARIABLE = YES;
				IPHONEOS_DEPLOYMENT_TARGET = 14.2;
				MTL_ENABLE_DEBUG_INFO = INCLUDE_SOURCE;
				MTL_FAST_MATH = YES;
				ONLY_ACTIVE_ARCH = YES;
				SDKROOT = iphoneos;
				SWIFT_ACTIVE_COMPILATION_CONDITIONS = DEBUG;
				SWIFT_OPTIMIZATION_LEVEL = "-Onone";
			};
			name = Debug;
		};
		1EDFCCEC2885A5AF00053E7E /* Release */ = {
			isa = XCBuildConfiguration;
			buildSettings = {
				ALWAYS_SEARCH_USER_PATHS = NO;
				CLANG_ANALYZER_NONNULL = YES;
				CLANG_ANALYZER_NUMBER_OBJECT_CONVERSION = YES_AGGRESSIVE;
				CLANG_CXX_LANGUAGE_STANDARD = "gnu++14";
				CLANG_CXX_LIBRARY = "libc++";
				CLANG_ENABLE_MODULES = YES;
				CLANG_ENABLE_OBJC_ARC = YES;
				CLANG_ENABLE_OBJC_WEAK = YES;
				CLANG_WARN_BLOCK_CAPTURE_AUTORELEASING = YES;
				CLANG_WARN_BOOL_CONVERSION = YES;
				CLANG_WARN_COMMA = YES;
				CLANG_WARN_CONSTANT_CONVERSION = YES;
				CLANG_WARN_DEPRECATED_OBJC_IMPLEMENTATIONS = YES;
				CLANG_WARN_DIRECT_OBJC_ISA_USAGE = YES_ERROR;
				CLANG_WARN_DOCUMENTATION_COMMENTS = YES;
				CLANG_WARN_EMPTY_BODY = YES;
				CLANG_WARN_ENUM_CONVERSION = YES;
				CLANG_WARN_INFINITE_RECURSION = YES;
				CLANG_WARN_INT_CONVERSION = YES;
				CLANG_WARN_NON_LITERAL_NULL_CONVERSION = YES;
				CLANG_WARN_OBJC_IMPLICIT_RETAIN_SELF = YES;
				CLANG_WARN_OBJC_LITERAL_CONVERSION = YES;
				CLANG_WARN_OBJC_ROOT_CLASS = YES_ERROR;
				CLANG_WARN_QUOTED_INCLUDE_IN_FRAMEWORK_HEADER = YES;
				CLANG_WARN_RANGE_LOOP_ANALYSIS = YES;
				CLANG_WARN_STRICT_PROTOTYPES = YES;
				CLANG_WARN_SUSPICIOUS_MOVE = YES;
				CLANG_WARN_UNGUARDED_AVAILABILITY = YES_AGGRESSIVE;
				CLANG_WARN_UNREACHABLE_CODE = YES;
				CLANG_WARN__DUPLICATE_METHOD_MATCH = YES;
				COPY_PHASE_STRIP = NO;
				DEBUG_INFORMATION_FORMAT = "dwarf-with-dsym";
				ENABLE_NS_ASSERTIONS = NO;
				ENABLE_STRICT_OBJC_MSGSEND = YES;
				GCC_C_LANGUAGE_STANDARD = gnu11;
				GCC_NO_COMMON_BLOCKS = YES;
				GCC_WARN_64_TO_32_BIT_CONVERSION = YES;
				GCC_WARN_ABOUT_RETURN_TYPE = YES_ERROR;
				GCC_WARN_UNDECLARED_SELECTOR = YES;
				GCC_WARN_UNINITIALIZED_AUTOS = YES_AGGRESSIVE;
				GCC_WARN_UNUSED_FUNCTION = YES;
				GCC_WARN_UNUSED_VARIABLE = YES;
				IPHONEOS_DEPLOYMENT_TARGET = 14.2;
				MTL_ENABLE_DEBUG_INFO = NO;
				MTL_FAST_MATH = YES;
				SDKROOT = iphoneos;
				SWIFT_COMPILATION_MODE = wholemodule;
				SWIFT_OPTIMIZATION_LEVEL = "-O";
				VALIDATE_PRODUCT = YES;
			};
			name = Release;
		};
		1EDFCCEE2885A5AF00053E7E /* Debug */ = {
			isa = XCBuildConfiguration;
			baseConfigurationReference = 9E3743BBDE2393825A8CEC5F /* Pods-MessageAppClone.debug.xcconfig */;
			buildSettings = {
				ASSETCATALOG_COMPILER_APPICON_NAME = AppIcon;
				ASSETCATALOG_COMPILER_GLOBAL_ACCENT_COLOR_NAME = AccentColor;
				CODE_SIGN_STYLE = Automatic;
				DEVELOPMENT_TEAM = 5N79QDCTNF;
				INFOPLIST_FILE = MessageAppClone/Info.plist;
				LD_RUNPATH_SEARCH_PATHS = (
					"$(inherited)",
					"@executable_path/Frameworks",
				);
				PRODUCT_BUNDLE_IDENTIFIER = comHashim.MessageAppClone;
				PRODUCT_NAME = "$(TARGET_NAME)";
				SWIFT_VERSION = 5.0;
				TARGETED_DEVICE_FAMILY = "1,2";
			};
			name = Debug;
		};
		1EDFCCEF2885A5AF00053E7E /* Release */ = {
			isa = XCBuildConfiguration;
			baseConfigurationReference = 675DD38349815C2F657AA908 /* Pods-MessageAppClone.release.xcconfig */;
			buildSettings = {
				ASSETCATALOG_COMPILER_APPICON_NAME = AppIcon;
				ASSETCATALOG_COMPILER_GLOBAL_ACCENT_COLOR_NAME = AccentColor;
				CODE_SIGN_STYLE = Automatic;
				DEVELOPMENT_TEAM = 5N79QDCTNF;
				INFOPLIST_FILE = MessageAppClone/Info.plist;
				LD_RUNPATH_SEARCH_PATHS = (
					"$(inherited)",
					"@executable_path/Frameworks",
				);
				PRODUCT_BUNDLE_IDENTIFIER = comHashim.MessageAppClone;
				PRODUCT_NAME = "$(TARGET_NAME)";
				SWIFT_VERSION = 5.0;
				TARGETED_DEVICE_FAMILY = "1,2";
			};
			name = Release;
		};
		1EDFCCF12885A5AF00053E7E /* Debug */ = {
			isa = XCBuildConfiguration;
			baseConfigurationReference = 3B124E5FF04E2F23BE76EE15 /* Pods-MessageAppCloneTests.debug.xcconfig */;
			buildSettings = {
				ALWAYS_EMBED_SWIFT_STANDARD_LIBRARIES = YES;
				BUNDLE_LOADER = "$(TEST_HOST)";
				CODE_SIGN_STYLE = Automatic;
				DEVELOPMENT_TEAM = 5N79QDCTNF;
				INFOPLIST_FILE = MessageAppCloneTests/Info.plist;
				IPHONEOS_DEPLOYMENT_TARGET = 14.2;
				LD_RUNPATH_SEARCH_PATHS = (
					"$(inherited)",
					"@executable_path/Frameworks",
					"@loader_path/Frameworks",
				);
				PRODUCT_BUNDLE_IDENTIFIER = comHashim.MessageAppCloneTests;
				PRODUCT_NAME = "$(TARGET_NAME)";
				SWIFT_VERSION = 5.0;
				TARGETED_DEVICE_FAMILY = "1,2";
				TEST_HOST = "$(BUILT_PRODUCTS_DIR)/MessageAppClone.app/MessageAppClone";
			};
			name = Debug;
		};
		1EDFCCF22885A5AF00053E7E /* Release */ = {
			isa = XCBuildConfiguration;
			baseConfigurationReference = 962D0BB51D2E16F68B19A9D1 /* Pods-MessageAppCloneTests.release.xcconfig */;
			buildSettings = {
				ALWAYS_EMBED_SWIFT_STANDARD_LIBRARIES = YES;
				BUNDLE_LOADER = "$(TEST_HOST)";
				CODE_SIGN_STYLE = Automatic;
				DEVELOPMENT_TEAM = 5N79QDCTNF;
				INFOPLIST_FILE = MessageAppCloneTests/Info.plist;
				IPHONEOS_DEPLOYMENT_TARGET = 14.2;
				LD_RUNPATH_SEARCH_PATHS = (
					"$(inherited)",
					"@executable_path/Frameworks",
					"@loader_path/Frameworks",
				);
				PRODUCT_BUNDLE_IDENTIFIER = comHashim.MessageAppCloneTests;
				PRODUCT_NAME = "$(TARGET_NAME)";
				SWIFT_VERSION = 5.0;
				TARGETED_DEVICE_FAMILY = "1,2";
				TEST_HOST = "$(BUILT_PRODUCTS_DIR)/MessageAppClone.app/MessageAppClone";
			};
			name = Release;
		};
		1EDFCCF42885A5AF00053E7E /* Debug */ = {
			isa = XCBuildConfiguration;
			baseConfigurationReference = 027AC0E35D8034B483CE183B /* Pods-MessageAppClone-MessageAppCloneUITests.debug.xcconfig */;
			buildSettings = {
				ALWAYS_EMBED_SWIFT_STANDARD_LIBRARIES = YES;
				CODE_SIGN_STYLE = Automatic;
				DEVELOPMENT_TEAM = 5N79QDCTNF;
				INFOPLIST_FILE = MessageAppCloneUITests/Info.plist;
				LD_RUNPATH_SEARCH_PATHS = (
					"$(inherited)",
					"@executable_path/Frameworks",
					"@loader_path/Frameworks",
				);
				PRODUCT_BUNDLE_IDENTIFIER = comHashim.MessageAppCloneUITests;
				PRODUCT_NAME = "$(TARGET_NAME)";
				SWIFT_VERSION = 5.0;
				TARGETED_DEVICE_FAMILY = "1,2";
				TEST_TARGET_NAME = MessageAppClone;
			};
			name = Debug;
		};
		1EDFCCF52885A5AF00053E7E /* Release */ = {
			isa = XCBuildConfiguration;
			baseConfigurationReference = 5991A06832E5C04973CD4757 /* Pods-MessageAppClone-MessageAppCloneUITests.release.xcconfig */;
			buildSettings = {
				ALWAYS_EMBED_SWIFT_STANDARD_LIBRARIES = YES;
				CODE_SIGN_STYLE = Automatic;
				DEVELOPMENT_TEAM = 5N79QDCTNF;
				INFOPLIST_FILE = MessageAppCloneUITests/Info.plist;
				LD_RUNPATH_SEARCH_PATHS = (
					"$(inherited)",
					"@executable_path/Frameworks",
					"@loader_path/Frameworks",
				);
				PRODUCT_BUNDLE_IDENTIFIER = comHashim.MessageAppCloneUITests;
				PRODUCT_NAME = "$(TARGET_NAME)";
				SWIFT_VERSION = 5.0;
				TARGETED_DEVICE_FAMILY = "1,2";
				TEST_TARGET_NAME = MessageAppClone;
			};
			name = Release;
		};
/* End XCBuildConfiguration section */

/* Begin XCConfigurationList section */
		1EDFCCBE2885A5AB00053E7E /* Build configuration list for PBXProject "MessageAppClone" */ = {
			isa = XCConfigurationList;
			buildConfigurations = (
				1EDFCCEB2885A5AF00053E7E /* Debug */,
				1EDFCCEC2885A5AF00053E7E /* Release */,
			);
			defaultConfigurationIsVisible = 0;
			defaultConfigurationName = Release;
		};
		1EDFCCED2885A5AF00053E7E /* Build configuration list for PBXNativeTarget "MessageAppClone" */ = {
			isa = XCConfigurationList;
			buildConfigurations = (
				1EDFCCEE2885A5AF00053E7E /* Debug */,
				1EDFCCEF2885A5AF00053E7E /* Release */,
			);
			defaultConfigurationIsVisible = 0;
			defaultConfigurationName = Release;
		};
		1EDFCCF02885A5AF00053E7E /* Build configuration list for PBXNativeTarget "MessageAppCloneTests" */ = {
			isa = XCConfigurationList;
			buildConfigurations = (
				1EDFCCF12885A5AF00053E7E /* Debug */,
				1EDFCCF22885A5AF00053E7E /* Release */,
			);
			defaultConfigurationIsVisible = 0;
			defaultConfigurationName = Release;
		};
		1EDFCCF32885A5AF00053E7E /* Build configuration list for PBXNativeTarget "MessageAppCloneUITests" */ = {
			isa = XCConfigurationList;
			buildConfigurations = (
				1EDFCCF42885A5AF00053E7E /* Debug */,
				1EDFCCF52885A5AF00053E7E /* Release */,
			);
			defaultConfigurationIsVisible = 0;
			defaultConfigurationName = Release;
		};
/* End XCConfigurationList section */
	};
	rootObject = 1EDFCCBB2885A5AB00053E7E /* Project object */;
}
